
Microsoft Visual Studio Solution File, Format Version 12.00
# Visual Studio Version 17
VisualStudioVersion = 17.0.31903.59
MinimumVisualStudioVersion = 10.0.40219.1
Project("{2150E333-8FDC-42A3-9474-1A3956D46DE8}") = "src", "src", "{827E0CD3-B72D-47B6-A68D-7590B98EB39B}"
EndProject
Project("{FAE04EC0-301F-11D3-BF4B-00C04F79EFBC}") = "RateLimitClient", "src\RateLimitClient\RateLimitClient.csproj", "{382B87AD-EEB6-469A-A2CD-2C763DF80583}"
EndProject
Project("{2150E333-8FDC-42A3-9474-1A3956D46DE8}") = "tests", "tests", "{0AB3BF05-4346-4AA6-1389-037BE0695223}"
EndProject
Project("{FAE04EC0-301F-11D3-BF4B-00C04F79EFBC}") = "RateLimitClient.Tests", "tests\RateLimitClient.Tests\RateLimitClient.Tests.csproj", "{05431933-F300-4EFD-A565-81597D8BFCFD}"
EndProject
Global
	GlobalSection(SolutionConfigurationPlatforms) = preSolution
		Debug|Any CPU = Debug|Any CPU
		Debug|x64 = Debug|x64
		Debug|x86 = Debug|x86
		Release|Any CPU = Release|Any CPU
		Release|x64 = Release|x64
		Release|x86 = Release|x86
	EndGlobalSection
	GlobalSection(ProjectConfigurationPlatforms) = postSolution
		{382B87AD-EEB6-469A-A2CD-2C763DF80583}.Debug|Any CPU.ActiveCfg = Debug|Any CPU
		{382B87AD-EEB6-469A-A2CD-2C763DF80583}.Debug|Any CPU.Build.0 = Debug|Any CPU
		{382B87AD-EEB6-469A-A2CD-2C763DF80583}.Debug|x64.ActiveCfg = Debug|Any CPU
		{382B87AD-EEB6-469A-A2CD-2C763DF80583}.Debug|x64.Build.0 = Debug|Any CPU
		{382B87AD-EEB6-469A-A2CD-2C763DF80583}.Debug|x86.ActiveCfg = Debug|Any CPU
		{382B87AD-EEB6-469A-A2CD-2C763DF80583}.Debug|x86.Build.0 = Debug|Any CPU
		{382B87AD-EEB6-469A-A2CD-2C763DF80583}.Release|Any CPU.ActiveCfg = Release|Any CPU
		{382B87AD-EEB6-469A-A2CD-2C763DF80583}.Release|Any CPU.Build.0 = Release|Any CPU
		{382B87AD-EEB6-469A-A2CD-2C763DF80583}.Release|x64.ActiveCfg = Release|Any CPU
		{382B87AD-EEB6-469A-A2CD-2C763DF80583}.Release|x64.Build.0 = Release|Any CPU
		{382B87AD-EEB6-469A-A2CD-2C763DF80583}.Release|x86.ActiveCfg = Release|Any CPU
		{382B87AD-EEB6-469A-A2CD-2C763DF80583}.Release|x86.Build.0 = Release|Any CPU
		{05431933-F300-4EFD-A565-81597D8BFCFD}.Debug|Any CPU.ActiveCfg = Debug|Any CPU
		{05431933-F300-4EFD-A565-81597D8BFCFD}.Debug|Any CPU.Build.0 = Debug|Any CPU
		{05431933-F300-4EFD-A565-81597D8BFCFD}.Debug|x64.ActiveCfg = Debug|Any CPU
		{05431933-F300-4EFD-A565-81597D8BFCFD}.Debug|x64.Build.0 = Debug|Any CPU
		{05431933-F300-4EFD-A565-81597D8BFCFD}.Debug|x86.ActiveCfg = Debug|Any CPU
		{05431933-F300-4EFD-A565-81597D8BFCFD}.Debug|x86.Build.0 = Debug|Any CPU
		{05431933-F300-4EFD-A565-81597D8BFCFD}.Release|Any CPU.ActiveCfg = Release|Any CPU
		{05431933-F300-4EFD-A565-81597D8BFCFD}.Release|Any CPU.Build.0 = Release|Any CPU
		{05431933-F300-4EFD-A565-81597D8BFCFD}.Release|x64.ActiveCfg = Release|Any CPU
		{05431933-F300-4EFD-A565-81597D8BFCFD}.Release|x64.Build.0 = Release|Any CPU
		{05431933-F300-4EFD-A565-81597D8BFCFD}.Release|x86.ActiveCfg = Release|Any CPU
		{05431933-F300-4EFD-A565-81597D8BFCFD}.Release|x86.Build.0 = Release|Any CPU
	EndGlobalSection
	GlobalSection(SolutionProperties) = preSolution
		HideSolutionNode = FALSE
	EndGlobalSection
	GlobalSection(NestedProjects) = preSolution
		{382B87AD-EEB6-469A-A2CD-2C763DF80583} = {827E0CD3-B72D-47B6-A68D-7590B98EB39B}
		{05431933-F300-4EFD-A565-81597D8BFCFD} = {0AB3BF05-4346-4AA6-1389-037BE0695223}
	EndGlobalSection
EndGlobal
